
Microsoft Visual Studio Solution File, Format Version 12.00
# Visual Studio Version 16
VisualStudioVersion = 16.0.30114.105
MinimumVisualStudioVersion = 10.0.40219.1
Project("{FAE04EC0-301F-11D3-BF4B-00C04F79EFBC}") = "API", "API\API.csproj", "{33AA9100-4FAE-40A2-9702-5DAC3CD1892A}"
EndProject
Project("{FAE04EC0-301F-11D3-BF4B-00C04F79EFBC}") = "Application", "Application\Application.csproj", "{89629025-0511-48C0-9E39-C1EC48EA3F30}"
EndProject
Project("{FAE04EC0-301F-11D3-BF4B-00C04F79EFBC}") = "Persistence", "Persistence\Persistence.csproj", "{97FDA52F-D8B5-4647-8A3D-AA571B5ECC45}"
EndProject
Project("{FAE04EC0-301F-11D3-BF4B-00C04F79EFBC}") = "Domain", "Domain\Domain.csproj", "{5A9A4483-34CE-47B3-B1F7-B95CD3F6081A}"
EndProject
Project("{FAE04EC0-301F-11D3-BF4B-00C04F79EFBC}") = "Infrastructure", "Infrastructure\Infrastructure.csproj", "{A5F99DE9-715C-4B13-B5BF-640D42EDC6DE}"
EndProject
Global
	GlobalSection(SolutionConfigurationPlatforms) = preSolution
		Debug|Any CPU = Debug|Any CPU
		Release|Any CPU = Release|Any CPU
	EndGlobalSection
	GlobalSection(SolutionProperties) = preSolution
		HideSolutionNode = FALSE
	EndGlobalSection
	GlobalSection(ProjectConfigurationPlatforms) = postSolution
		{33AA9100-4FAE-40A2-9702-5DAC3CD1892A}.Debug|Any CPU.ActiveCfg = Debug|Any CPU
		{33AA9100-4FAE-40A2-9702-5DAC3CD1892A}.Debug|Any CPU.Build.0 = Debug|Any CPU
		{33AA9100-4FAE-40A2-9702-5DAC3CD1892A}.Release|Any CPU.ActiveCfg = Release|Any CPU
		{33AA9100-4FAE-40A2-9702-5DAC3CD1892A}.Release|Any CPU.Build.0 = Release|Any CPU
		{89629025-0511-48C0-9E39-C1EC48EA3F30}.Debug|Any CPU.ActiveCfg = Debug|Any CPU
		{89629025-0511-48C0-9E39-C1EC48EA3F30}.Debug|Any CPU.Build.0 = Debug|Any CPU
		{89629025-0511-48C0-9E39-C1EC48EA3F30}.Release|Any CPU.ActiveCfg = Release|Any CPU
		{89629025-0511-48C0-9E39-C1EC48EA3F30}.Release|Any CPU.Build.0 = Release|Any CPU
		{97FDA52F-D8B5-4647-8A3D-AA571B5ECC45}.Debug|Any CPU.ActiveCfg = Debug|Any CPU
		{97FDA52F-D8B5-4647-8A3D-AA571B5ECC45}.Debug|Any CPU.Build.0 = Debug|Any CPU
		{97FDA52F-D8B5-4647-8A3D-AA571B5ECC45}.Release|Any CPU.ActiveCfg = Release|Any CPU
		{97FDA52F-D8B5-4647-8A3D-AA571B5ECC45}.Release|Any CPU.Build.0 = Release|Any CPU
		{5A9A4483-34CE-47B3-B1F7-B95CD3F6081A}.Debug|Any CPU.ActiveCfg = Debug|Any CPU
		{5A9A4483-34CE-47B3-B1F7-B95CD3F6081A}.Debug|Any CPU.Build.0 = Debug|Any CPU
		{5A9A4483-34CE-47B3-B1F7-B95CD3F6081A}.Release|Any CPU.ActiveCfg = Release|Any CPU
		{5A9A4483-34CE-47B3-B1F7-B95CD3F6081A}.Release|Any CPU.Build.0 = Release|Any CPU
		{A5F99DE9-715C-4B13-B5BF-640D42EDC6DE}.Debug|Any CPU.ActiveCfg = Debug|Any CPU
		{A5F99DE9-715C-4B13-B5BF-640D42EDC6DE}.Debug|Any CPU.Build.0 = Debug|Any CPU
		{A5F99DE9-715C-4B13-B5BF-640D42EDC6DE}.Release|Any CPU.ActiveCfg = Release|Any CPU
		{A5F99DE9-715C-4B13-B5BF-640D42EDC6DE}.Release|Any CPU.Build.0 = Release|Any CPU
	EndGlobalSection
EndGlobal
